
Microsoft Visual Studio Solution File, Format Version 12.00
# Visual Studio 15
Project("{FAE04EC0-301F-11D3-BF4B-00C04F79EFBC}") = "Assembly-CSharp", "Assembly-CSharp.csproj", "{212D5A70-09DA-3663-8DF2-055248466948}"
EndProject
Project("{FAE04EC0-301F-11D3-BF4B-00C04F79EFBC}") = "Assembly-CSharp-Editor", "Assembly-CSharp-Editor.csproj", "{3B91B1B3-2D5E-CD35-DF07-3FEAF508FBE3}"
EndProject
Global
	GlobalSection(SolutionConfigurationPlatforms) = preSolution
		Debug|Any CPU = Debug|Any CPU
		Release|Any CPU = Release|Any CPU
	EndGlobalSection
	GlobalSection(ProjectConfigurationPlatforms) = postSolution
		{212D5A70-09DA-3663-8DF2-055248466948}.Debug|Any CPU.ActiveCfg = Debug|Any CPU
		{212D5A70-09DA-3663-8DF2-055248466948}.Debug|Any CPU.Build.0 = Debug|Any CPU
		{212D5A70-09DA-3663-8DF2-055248466948}.Release|Any CPU.ActiveCfg = Release|Any CPU
		{212D5A70-09DA-3663-8DF2-055248466948}.Release|Any CPU.Build.0 = Release|Any CPU
		{3B91B1B3-2D5E-CD35-DF07-3FEAF508FBE3}.Debug|Any CPU.ActiveCfg = Debug|Any CPU
		{3B91B1B3-2D5E-CD35-DF07-3FEAF508FBE3}.Debug|Any CPU.Build.0 = Debug|Any CPU
		{3B91B1B3-2D5E-CD35-DF07-3FEAF508FBE3}.Release|Any CPU.ActiveCfg = Release|Any CPU
		{3B91B1B3-2D5E-CD35-DF07-3FEAF508FBE3}.Release|Any CPU.Build.0 = Release|Any CPU
	EndGlobalSection
	GlobalSection(SolutionProperties) = preSolution
		HideSolutionNode = FALSE
	EndGlobalSection
EndGlobal
